dependencies:
- name: postgresql
  repository: oci://registry-1.docker.io/bitnamicharts
  version: 16.0.1
- name: kube-prometheus-stack
  repository: https://prometheus-community.github.io/helm-charts
  version: 64.0.0
digest: sha256:3193f028f0652c3deace936e7836d86e4ea0a29b150c7a7a02fb4df8a9a1f9d5
generated: "2024-10-10T13:17:26.74404534+02:00"
